
Microsoft Visual Studio Solution File, Format Version 12.00
# Visual Studio Version 17
VisualStudioVersion = 17.8.34525.116
MinimumVisualStudioVersion = 10.0.40219.1
Project("{FAE04EC0-301F-11D3-BF4B-00C04F79EFBC}") = "FirstControllerAndView", "FirstControllerAndView\FirstControllerAndView.csproj", "{6B271A74-8193-4DCD-84CC-C4433585CB93}"
EndProject
Global
	GlobalSection(SolutionConfigurationPlatforms) = preSolution
		Debug|Any CPU = Debug|Any CPU
		Release|Any CPU = Release|Any CPU
	EndGlobalSection
	GlobalSection(ProjectConfigurationPlatforms) = postSolution
		{6B271A74-8193-4DCD-84CC-C4433585CB93}.Debug|Any CPU.ActiveCfg = Debug|Any CPU
		{6B271A74-8193-4DCD-84CC-C4433585CB93}.Debug|Any CPU.Build.0 = Debug|Any CPU
		{6B271A74-8193-4DCD-84CC-C4433585CB93}.Release|Any CPU.ActiveCfg = Release|Any CPU
		{6B271A74-8193-4DCD-84CC-C4433585CB93}.Release|Any CPU.Build.0 = Release|Any CPU
	EndGlobalSection
	GlobalSection(SolutionProperties) = preSolution
		HideSolutionNode = FALSE
	EndGlobalSection
	GlobalSection(ExtensibilityGlobals) = postSolution
		SolutionGuid = {FD60BCC2-F3FC-4291-BA51-2AB6A70C932F}
	EndGlobalSection
EndGlobal
